// !$*UTF8*$!
{
	archiveVersion = 1;
	classes = {
	};
	objectVersion = 52;
	objects = {

/* Begin PBXAggregateTarget section */
		D59CBCB122D40AA3009ED4C2 /* ZerzuraKit-Universal */ = {
			isa = PBXAggregateTarget;
			buildConfigurationList = D59CBCB222D40AA3009ED4C2 /* Build configuration list for PBXAggregateTarget "ZerzuraKit-Universal" */;
			buildPhases = (
				D59CBCCF22D40B2C009ED4C2 /* ShellScript */,
			);
			dependencies = (
			);
			name = "ZerzuraKit-Universal";
			productName = "ZerzuraKit-Universal";
		};
/* End PBXAggregateTarget section */

/* Begin PBXBuildFile section */
		D50CEF5D22FE043700667AC7 /* README.md in Resources */ = {isa = PBXBuildFile; fileRef = D50CEF5C22FE043700667AC7 /* README.md */; };
		D52ECFAA22F4DCCB005AE4DE /* ZDevice.swift in Sources */ = {isa = PBXBuildFile; fileRef = D5DA153022F4DB4F00EB4C3F /* ZDevice.swift */; };
		D52ECFAC22F4DD07005AE4DE /* CocoaExt.swift in Sources */ = {isa = PBXBuildFile; fileRef = D52ECFAB22F4DD07005AE4DE /* CocoaExt.swift */; };
		D569DCE122F8E96B003F13EE /* ZColor.swift in Sources */ = {isa = PBXBuildFile; fileRef = D569DCE022F8E96B003F13EE /* ZColor.swift */; platformFilter = ios; };
		D569DCE222F8EA3E003F13EE /* ZColor.swift in Sources */ = {isa = PBXBuildFile; fileRef = D569DCE022F8E96B003F13EE /* ZColor.swift */; };
		D59CBC9E22D408E9009ED4C2 /* ZerzuraKit.h in Headers */ = {isa = PBXBuildFile; fileRef = D59CBC9C22D408E9009ED4C2 /* ZerzuraKit.h */; settings = {ATTRIBUTES = (Public, ); }; };
		D59CBCAD22D40A82009ED4C2 /* ZerzuraKit_macOS.h in Headers */ = {isa = PBXBuildFile; fileRef = D59CBCAB22D40A82009ED4C2 /* ZerzuraKit_macOS.h */; settings = {ATTRIBUTES = (Public, ); }; };
		D59CBCBC22D40B06009ED4C2 /* ZLocation.swift in Sources */ = {isa = PBXBuildFile; fileRef = D59CBCB622D40B06009ED4C2 /* ZLocation.swift */; platformFilter = ios; };
		D59CBCBD22D40B06009ED4C2 /* ZDeviceM.swift in Sources */ = {isa = PBXBuildFile; fileRef = D59CBCB722D40B06009ED4C2 /* ZDeviceM.swift */; platformFilter = ios; };
		D59CBCBF22D40B06009ED4C2 /* ZColorM.swift in Sources */ = {isa = PBXBuildFile; fileRef = D59CBCB922D40B06009ED4C2 /* ZColorM.swift */; platformFilter = ios; };
		D59CBCC022D40B06009ED4C2 /* ZTime.swift in Sources */ = {isa = PBXBuildFile; fileRef = D59CBCBA22D40B06009ED4C2 /* ZTime.swift */; platformFilter = ios; };
		D59CBCCB22D40B11009ED4C2 /* Images.swift in Sources */ = {isa = PBXBuildFile; fileRef = D59CBCC522D40B11009ED4C2 /* Images.swift */; };
		D59CBCCC22D40B11009ED4C2 /* ZColorD.swift in Sources */ = {isa = PBXBuildFile; fileRef = D59CBCC622D40B11009ED4C2 /* ZColorD.swift */; };
		D5DA152A22F4DA5F00EB4C3F /* Images.swift in Sources */ = {isa = PBXBuildFile; fileRef = D5DA152922F4DA5F00EB4C3F /* Images.swift */; platformFilter = ios; };
		D5DA152E22F4DB1600EB4C3F /* ZTime.swift in Sources */ = {isa = PBXBuildFile; fileRef = D59CBCBA22D40B06009ED4C2 /* ZTime.swift */; };
		D5DA152F22F4DB1800EB4C3F /* ZLocation.swift in Sources */ = {isa = PBXBuildFile; fileRef = D59CBCB622D40B06009ED4C2 /* ZLocation.swift */; };
		D5DA153122F4DB4F00EB4C3F /* ZDevice.swift in Sources */ = {isa = PBXBuildFile; fileRef = D5DA153022F4DB4F00EB4C3F /* ZDevice.swift */; platformFilter = ios; };
		D5DD662022DAC6EE00B5DAD3 /* UIKitExt.swift in Sources */ = {isa = PBXBuildFile; fileRef = D5DD661F22DAC6EE00B5DAD3 /* UIKitExt.swift */; platformFilter = ios; };
/* End PBXBuildFile section */

/* Begin PBXFileReference section */
		D50CEF5C22FE043700667AC7 /* README.md */ = {isa = PBXFileReference; fileEncoding = 4; lastKnownFileType = net.daringfireball.markdown; path = README.md; sourceTree = "<group>"; };
		D52ECFAB22F4DD07005AE4DE /* CocoaExt.swift */ = {isa = PBXFileReference; lastKnownFileType = sourcecode.swift; path = CocoaExt.swift; sourceTree = "<group>"; };
		D569DCE022F8E96B003F13EE /* ZColor.swift */ = {isa = PBXFileReference; lastKnownFileType = sourcecode.swift; path = ZColor.swift; sourceTree = "<group>"; };
		D59CBC9922D408E9009ED4C2 /* ZerzuraKit.framework */ = {isa = PBXFileReference; explicitFileType = wrapper.framework; includeInIndex = 0; path = ZerzuraKit.framework; sourceTree = BUILT_PRODUCTS_DIR; };
		D59CBC9C22D408E9009ED4C2 /* ZerzuraKit.h */ = {isa = PBXFileReference; lastKnownFileType = sourcecode.c.h; path = ZerzuraKit.h; sourceTree = "<group>"; };
		D59CBC9D22D408E9009ED4C2 /* Info.plist */ = {isa = PBXFileReference; lastKnownFileType = text.plist.xml; path = Info.plist; sourceTree = "<group>"; };
		D59CBCA922D40A82009ED4C2 /* ZerzuraKit_macOS.framework */ = {isa = PBXFileReference; explicitFileType = wrapper.framework; includeInIndex = 0; path = ZerzuraKit_macOS.framework; sourceTree = BUILT_PRODUCTS_DIR; };
		D59CBCAB22D40A82009ED4C2 /* ZerzuraKit_macOS.h */ = {isa = PBXFileReference; lastKnownFileType = sourcecode.c.h; path = ZerzuraKit_macOS.h; sourceTree = "<group>"; };
		D59CBCAC22D40A82009ED4C2 /* Info.plist */ = {isa = PBXFileReference; lastKnownFileType = text.plist.xml; path = Info.plist; sourceTree = "<group>"; };
		D59CBCB622D40B06009ED4C2 /* ZLocation.swift */ = {isa = PBXFileReference; fileEncoding = 4; lastKnownFileType = sourcecode.swift; path = ZLocation.swift; sourceTree = "<group>"; };
		D59CBCB722D40B06009ED4C2 /* ZDeviceM.swift */ = {isa = PBXFileReference; fileEncoding = 4; lastKnownFileType = sourcecode.swift; path = ZDeviceM.swift; sourceTree = "<group>"; };
		D59CBCB922D40B06009ED4C2 /* ZColorM.swift */ = {isa = PBXFileReference; fileEncoding = 4; lastKnownFileType = sourcecode.swift; path = ZColorM.swift; sourceTree = "<group>"; };
		D59CBCBA22D40B06009ED4C2 /* ZTime.swift */ = {isa = PBXFileReference; fileEncoding = 4; lastKnownFileType = sourcecode.swift; path = ZTime.swift; sourceTree = "<group>"; };
		D59CBCC522D40B11009ED4C2 /* Images.swift */ = {isa = PBXFileReference; fileEncoding = 4; lastKnownFileType = sourcecode.swift; path = Images.swift; sourceTree = "<group>"; };
		D59CBCC622D40B11009ED4C2 /* ZColorD.swift */ = {isa = PBXFileReference; fileEncoding = 4; lastKnownFileType = sourcecode.swift; path = ZColorD.swift; sourceTree = "<group>"; };
		D5DA152922F4DA5F00EB4C3F /* Images.swift */ = {isa = PBXFileReference; lastKnownFileType = sourcecode.swift; path = Images.swift; sourceTree = "<group>"; };
		D5DA153022F4DB4F00EB4C3F /* ZDevice.swift */ = {isa = PBXFileReference; lastKnownFileType = sourcecode.swift; path = ZDevice.swift; sourceTree = "<group>"; };
		D5DD661F22DAC6EE00B5DAD3 /* UIKitExt.swift */ = {isa = PBXFileReference; lastKnownFileType = sourcecode.swift; path = UIKitExt.swift; sourceTree = "<group>"; };
/* End PBXFileReference section */

/* Begin PBXFrameworksBuildPhase section */
		D59CBC9622D408E9009ED4C2 /* Frameworks */ = {
			isa = PBXFrameworksBuildPhase;
			buildActionMask = 2147483647;
			files = (
			);
			runOnlyForDeploymentPostprocessing = 0;
		};
		D59CBCA622D40A82009ED4C2 /* Frameworks */ = {
			isa = PBXFrameworksBuildPhase;
			buildActionMask = 2147483647;
			files = (
			);
			runOnlyForDeploymentPostprocessing = 0;
		};
/* End PBXFrameworksBuildPhase section */

/* Begin PBXGroup section */
		D59CBC8F22D408E9009ED4C2 = {
			isa = PBXGroup;
			children = (
				D50CEF5C22FE043700667AC7 /* README.md */,
				D5DA152B22F4DAC900EB4C3F /* Shared */,
				D59CBC9B22D408E9009ED4C2 /* ZerzuraKit */,
				D59CBCAA22D40A82009ED4C2 /* ZerzuraKit-macOS */,
				D59CBC9A22D408E9009ED4C2 /* Products */,
			);
			sourceTree = "<group>";
		};
		D59CBC9A22D408E9009ED4C2 /* Products */ = {
			isa = PBXGroup;
			children = (
				D59CBC9922D408E9009ED4C2 /* ZerzuraKit.framework */,
				D59CBCA922D40A82009ED4C2 /* ZerzuraKit_macOS.framework */,
			);
			name = Products;
			sourceTree = "<group>";
		};
		D59CBC9B22D408E9009ED4C2 /* ZerzuraKit */ = {
			isa = PBXGroup;
			children = (
				D59CBCB522D40B06009ED4C2 /* Source */,
				D59CBC9C22D408E9009ED4C2 /* ZerzuraKit.h */,
				D59CBC9D22D408E9009ED4C2 /* Info.plist */,
			);
			path = ZerzuraKit;
			sourceTree = "<group>";
		};
		D59CBCAA22D40A82009ED4C2 /* ZerzuraKit-macOS */ = {
			isa = PBXGroup;
			children = (
				D59CBCC222D40B11009ED4C2 /* Source */,
				D59CBCAB22D40A82009ED4C2 /* ZerzuraKit_macOS.h */,
				D59CBCAC22D40A82009ED4C2 /* Info.plist */,
			);
			path = "ZerzuraKit-macOS";
			sourceTree = "<group>";
		};
		D59CBCB522D40B06009ED4C2 /* Source */ = {
			isa = PBXGroup;
			children = (
				D5DA152522F4D97600EB4C3F /* UI */,
				D5DA152622F4D98600EB4C3F /* Services */,
			);
			path = Source;
			sourceTree = "<group>";
		};
		D59CBCC222D40B11009ED4C2 /* Source */ = {
			isa = PBXGroup;
			children = (
				D5DA153322F4DBFB00EB4C3F /* UI */,
			);
			path = Source;
			sourceTree = "<group>";
		};
		D5DA152522F4D97600EB4C3F /* UI */ = {
			isa = PBXGroup;
			children = (
				D5DD661F22DAC6EE00B5DAD3 /* UIKitExt.swift */,
				D59CBCB922D40B06009ED4C2 /* ZColorM.swift */,
				D5DA152922F4DA5F00EB4C3F /* Images.swift */,
			);
			path = UI;
			sourceTree = "<group>";
		};
		D5DA152622F4D98600EB4C3F /* Services */ = {
			isa = PBXGroup;
			children = (
				D59CBCB722D40B06009ED4C2 /* ZDeviceM.swift */,
			);
			path = Services;
			sourceTree = "<group>";
		};
		D5DA152B22F4DAC900EB4C3F /* Shared */ = {
			isa = PBXGroup;
			children = (
				D5DA152C22F4DACD00EB4C3F /* Source */,
			);
			path = Shared;
			sourceTree = "<group>";
		};
		D5DA152C22F4DACD00EB4C3F /* Source */ = {
			isa = PBXGroup;
			children = (
				D59CBCB622D40B06009ED4C2 /* ZLocation.swift */,
				D59CBCBA22D40B06009ED4C2 /* ZTime.swift */,
				D5DA153022F4DB4F00EB4C3F /* ZDevice.swift */,
				D5DA152D22F4DAE500EB4C3F /* UI */,
			);
			path = Source;
			sourceTree = "<group>";
		};
		D5DA152D22F4DAE500EB4C3F /* UI */ = {
			isa = PBXGroup;
			children = (
				D569DCE022F8E96B003F13EE /* ZColor.swift */,
			);
			path = UI;
			sourceTree = "<group>";
		};
		D5DA153322F4DBFB00EB4C3F /* UI */ = {
			isa = PBXGroup;
			children = (
				D52ECFAB22F4DD07005AE4DE /* CocoaExt.swift */,
				D59CBCC622D40B11009ED4C2 /* ZColorD.swift */,
				D59CBCC522D40B11009ED4C2 /* Images.swift */,
			);
			path = UI;
			sourceTree = "<group>";
		};
/* End PBXGroup section */

/* Begin PBXHeadersBuildPhase section */
		D59CBC9422D408E9009ED4C2 /* Headers */ = {
			isa = PBXHeadersBuildPhase;
			buildActionMask = 2147483647;
			files = (
				D59CBC9E22D408E9009ED4C2 /* ZerzuraKit.h in Headers */,
			);
			runOnlyForDeploymentPostprocessing = 0;
		};
		D59CBCA422D40A82009ED4C2 /* Headers */ = {
			isa = PBXHeadersBuildPhase;
			buildActionMask = 2147483647;
			files = (
				D59CBCAD22D40A82009ED4C2 /* ZerzuraKit_macOS.h in Headers */,
			);
			runOnlyForDeploymentPostprocessing = 0;
		};
/* End PBXHeadersBuildPhase section */

/* Begin PBXNativeTarget section */
		D59CBC9822D408E9009ED4C2 /* ZerzuraKit */ = {
			isa = PBXNativeTarget;
			buildConfigurationList = D59CBCA122D408E9009ED4C2 /* Build configuration list for PBXNativeTarget "ZerzuraKit" */;
			buildPhases = (
				D59CBC9422D408E9009ED4C2 /* Headers */,
				D59CBC9522D408E9009ED4C2 /* Sources */,
				D59CBC9622D408E9009ED4C2 /* Frameworks */,
				D59CBC9722D408E9009ED4C2 /* Resources */,
			);
			buildRules = (
			);
			dependencies = (
			);
			name = ZerzuraKit;
			productName = ZerzuraKit;
			productReference = D59CBC9922D408E9009ED4C2 /* ZerzuraKit.framework */;
			productType = "com.apple.product-type.framework";
		};
		D59CBCA822D40A82009ED4C2 /* ZerzuraKit-macOS */ = {
			isa = PBXNativeTarget;
			buildConfigurationList = D59CBCB022D40A82009ED4C2 /* Build configuration list for PBXNativeTarget "ZerzuraKit-macOS" */;
			buildPhases = (
				D59CBCA422D40A82009ED4C2 /* Headers */,
				D59CBCA522D40A82009ED4C2 /* Sources */,
				D59CBCA622D40A82009ED4C2 /* Frameworks */,
				D59CBCA722D40A82009ED4C2 /* Resources */,
			);
			buildRules = (
			);
			dependencies = (
			);
			name = "ZerzuraKit-macOS";
			productName = "ZerzuraKit-macOS";
			productReference = D59CBCA922D40A82009ED4C2 /* ZerzuraKit_macOS.framework */;
			productType = "com.apple.product-type.framework";
		};
/* End PBXNativeTarget section */

/* Begin PBXProject section */
		D59CBC9022D408E9009ED4C2 /* Project object */ = {
			isa = PBXProject;
			attributes = {
				LastUpgradeCheck = 1100;
				ORGANIZATIONNAME = Mesarthim;
				TargetAttributes = {
					D59CBC9822D408E9009ED4C2 = {
						CreatedOnToolsVersion = 11.0;
					};
					D59CBCA822D40A82009ED4C2 = {
						CreatedOnToolsVersion = 11.0;
					};
					D59CBCB122D40AA3009ED4C2 = {
						CreatedOnToolsVersion = 11.0;
					};
				};
			};
			buildConfigurationList = D59CBC9322D408E9009ED4C2 /* Build configuration list for PBXProject "ZerzuraKit" */;
			compatibilityVersion = "Xcode 9.3";
			developmentRegion = en;
			hasScannedForEncodings = 0;
			knownRegions = (
				en,
				Base,
			);
			mainGroup = D59CBC8F22D408E9009ED4C2;
			productRefGroup = D59CBC9A22D408E9009ED4C2 /* Products */;
			projectDirPath = "";
			projectRoot = "";
			targets = (
				D59CBC9822D408E9009ED4C2 /* ZerzuraKit */,
				D59CBCA822D40A82009ED4C2 /* ZerzuraKit-macOS */,
				D59CBCB122D40AA3009ED4C2 /* ZerzuraKit-Universal */,
			);
		};
/* End PBXProject section */

/* Begin PBXResourcesBuildPhase section */
		D59CBC9722D408E9009ED4C2 /* Resources */ = {
			isa = PBXResourcesBuildPhase;
			buildActionMask = 2147483647;
			files = (
				D50CEF5D22FE043700667AC7 /* README.md in Resources */,
			);
			runOnlyForDeploymentPostprocessing = 0;
		};
		D59CBCA722D40A82009ED4C2 /* Resources */ = {
			isa = PBXResourcesBuildPhase;
			buildActionMask = 2147483647;
			files = (
			);
			runOnlyForDeploymentPostprocessing = 0;
		};
/* End PBXResourcesBuildPhase section */

/* Begin PBXShellScriptBuildPhase section */
		D59CBCCF22D40B2C009ED4C2 /* ShellScript */ = {
			isa = PBXShellScriptBuildPhase;
			buildActionMask = 2147483647;
			files = (
			);
			inputFileListPaths = (
			);
			inputPaths = (
			);
			outputFileListPaths = (
			);
			outputPaths = (
			);
			runOnlyForDeploymentPostprocessing = 0;
			shellPath = /bin/sh;
			shellScript = "# Type a script or drag a script file from your workspace to insert its path.\n\n# Step 1: Remove existing .xcframework if applicable\nrm -rf ${PROJECT_NAME}.xcframework\n\n# Step 2. Build .framework for iOS Device\nxcodebuild -scheme ${PROJECT_NAME} -configuration ${CONFIGURATION} -sdk iphoneos OBJROOT=\"${OBJROOT}/DependentBuilds\"\n\n# Step 3. Build .framework for iOS Simulator\nxcodebuild -scheme ${PROJECT_NAME} -configuration ${CONFIGURATION} -sdk iphonesimulator OBJROOT=\"${OBJROOT}/DependentBuilds\"\n\n# Step 4. Build .framework for macOS\nxcodebuild -scheme \"${PROJECT_NAME}-macOS\" -configuration ${CONFIGURATION} OBJROOT=\"${OBJROOT}/DependentBuilds\"\n\n# Step 5. Create .xcframework using each of the .frameworks built previously\nxcodebuild -create-xcframework -framework \"${BUILD_DIR}/${CONFIGURATION}-iphoneos/${PROJECT_NAME}.framework\" -framework \"${BUILD_DIR}/${CONFIGURATION}-iphonesimulator/${PROJECT_NAME}.framework\" -framework \"${BUILD_DIR}/${CONFIGURATION}/${PROJECT_NAME}_macOS.framework\" -output ${PROJECT_NAME}.xcframework\n";
		};
/* End PBXShellScriptBuildPhase section */

/* Begin PBXSourcesBuildPhase section */
		D59CBC9522D408E9009ED4C2 /* Sources */ = {
			isa = PBXSourcesBuildPhase;
			buildActionMask = 2147483647;
			files = (
				D5DA153122F4DB4F00EB4C3F /* ZDevice.swift in Sources */,
				D5DD662022DAC6EE00B5DAD3 /* UIKitExt.swift in Sources */,
				D5DA152A22F4DA5F00EB4C3F /* Images.swift in Sources */,
				D569DCE122F8E96B003F13EE /* ZColor.swift in Sources */,
				D59CBCBF22D40B06009ED4C2 /* ZColorM.swift in Sources */,
				D59CBCBC22D40B06009ED4C2 /* ZLocation.swift in Sources */,
				D59CBCC022D40B06009ED4C2 /* ZTime.swift in Sources */,
				D59CBCBD22D40B06009ED4C2 /* ZDeviceM.swift in Sources */,
			);
			runOnlyForDeploymentPostprocessing = 0;
		};
		D59CBCA522D40A82009ED4C2 /* Sources */ = {
			isa = PBXSourcesBuildPhase;
			buildActionMask = 2147483647;
			files = (
				D52ECFAA22F4DCCB005AE4DE /* ZDevice.swift in Sources */,
				D59CBCCB22D40B11009ED4C2 /* Images.swift in Sources */,
				D569DCE222F8EA3E003F13EE /* ZColor.swift in Sources */,
				D59CBCCC22D40B11009ED4C2 /* ZColorD.swift in Sources */,
				D52ECFAC22F4DD07005AE4DE /* CocoaExt.swift in Sources */,
				D5DA152F22F4DB1800EB4C3F /* ZLocation.swift in Sources */,
				D5DA152E22F4DB1600EB4C3F /* ZTime.swift in Sources */,
			);
			runOnlyForDeploymentPostprocessing = 0;
		};
/* End PBXSourcesBuildPhase section */

/* Begin XCBuildConfiguration section */
		D59CBC9F22D408E9009ED4C2 /* Debug */ = {
			isa = XCBuildConfiguration;
			buildSettings = {
				ALWAYS_SEARCH_USER_PATHS = NO;
				CLANG_ANALYZER_NONNULL = YES;
				CLANG_ANALYZER_NUMBER_OBJECT_CONVERSION = YES_AGGRESSIVE;
				CLANG_CXX_LANGUAGE_STANDARD = "gnu++14";
				CLANG_CXX_LIBRARY = "libc++";
				CLANG_ENABLE_MODULES = YES;
				CLANG_ENABLE_OBJC_ARC = YES;
				CLANG_ENABLE_OBJC_WEAK = YES;
				CLANG_WARN_BLOCK_CAPTURE_AUTORELEASING = YES;
				CLANG_WARN_BOOL_CONVERSION = YES;
				CLANG_WARN_COMMA = YES;
				CLANG_WARN_CONSTANT_CONVERSION = YES;
				CLANG_WARN_DEPRECATED_OBJC_IMPLEMENTATIONS = YES;
				CLANG_WARN_DIRECT_OBJC_ISA_USAGE = YES_ERROR;
				CLANG_WARN_DOCUMENTATION_COMMENTS = YES;
				CLANG_WARN_EMPTY_BODY = YES;
				CLANG_WARN_ENUM_CONVERSION = YES;
				CLANG_WARN_INFINITE_RECURSION = YES;
				CLANG_WARN_INT_CONVERSION = YES;
				CLANG_WARN_NON_LITERAL_NULL_CONVERSION = YES;
				CLANG_WARN_OBJC_IMPLICIT_RETAIN_SELF = YES;
				CLANG_WARN_OBJC_LITERAL_CONVERSION = YES;
				CLANG_WARN_OBJC_ROOT_CLASS = YES_ERROR;
				CLANG_WARN_RANGE_LOOP_ANALYSIS = YES;
				CLANG_WARN_STRICT_PROTOTYPES = YES;
				CLANG_WARN_SUSPICIOUS_MOVE = YES;
				CLANG_WARN_UNGUARDED_AVAILABILITY = YES_AGGRESSIVE;
				CLANG_WARN_UNREACHABLE_CODE = YES;
				CLANG_WARN__DUPLICATE_METHOD_MATCH = YES;
				COPY_PHASE_STRIP = NO;
				CURRENT_PROJECT_VERSION = 1;
				DEBUG_INFORMATION_FORMAT = dwarf;
				ENABLE_STRICT_OBJC_MSGSEND = YES;
				ENABLE_TESTABILITY = YES;
				GCC_C_LANGUAGE_STANDARD = gnu11;
				GCC_DYNAMIC_NO_PIC = NO;
				GCC_NO_COMMON_BLOCKS = YES;
				GCC_OPTIMIZATION_LEVEL = 0;
				GCC_PREPROCESSOR_DEFINITIONS = (
					"DEBUG=1",
					"$(inherited)",
				);
				GCC_WARN_64_TO_32_BIT_CONVERSION = YES;
				GCC_WARN_ABOUT_RETURN_TYPE = YES_ERROR;
				GCC_WARN_UNDECLARED_SELECTOR = YES;
				GCC_WARN_UNINITIALIZED_AUTOS = YES_AGGRESSIVE;
				GCC_WARN_UNUSED_FUNCTION = YES;
				GCC_WARN_UNUSED_VARIABLE = YES;
				IPHONEOS_DEPLOYMENT_TARGET = 13.0;
				MTL_ENABLE_DEBUG_INFO = INCLUDE_SOURCE;
				MTL_FAST_MATH = YES;
				ONLY_ACTIVE_ARCH = YES;
				SDKROOT = iphoneos;
				SWIFT_ACTIVE_COMPILATION_CONDITIONS = DEBUG;
				SWIFT_OPTIMIZATION_LEVEL = "-Onone";
				VERSIONING_SYSTEM = "apple-generic";
				VERSION_INFO_PREFIX = "";
			};
			name = Debug;
		};
		D59CBCA022D408E9009ED4C2 /* Release */ = {
			isa = XCBuildConfiguration;
			buildSettings = {
				ALWAYS_SEARCH_USER_PATHS = NO;
				CLANG_ANALYZER_NONNULL = YES;
				CLANG_ANALYZER_NUMBER_OBJECT_CONVERSION = YES_AGGRESSIVE;
				CLANG_CXX_LANGUAGE_STANDARD = "gnu++14";
				CLANG_CXX_LIBRARY = "libc++";
				CLANG_ENABLE_MODULES = YES;
				CLANG_ENABLE_OBJC_ARC = YES;
				CLANG_ENABLE_OBJC_WEAK = YES;
				CLANG_WARN_BLOCK_CAPTURE_AUTORELEASING = YES;
				CLANG_WARN_BOOL_CONVERSION = YES;
				CLANG_WARN_COMMA = YES;
				CLANG_WARN_CONSTANT_CONVERSION = YES;
				CLANG_WARN_DEPRECATED_OBJC_IMPLEMENTATIONS = YES;
				CLANG_WARN_DIRECT_OBJC_ISA_USAGE = YES_ERROR;
				CLANG_WARN_DOCUMENTATION_COMMENTS = YES;
				CLANG_WARN_EMPTY_BODY = YES;
				CLANG_WARN_ENUM_CONVERSION = YES;
				CLANG_WARN_INFINITE_RECURSION = YES;
				CLANG_WARN_INT_CONVERSION = YES;
				CLANG_WARN_NON_LITERAL_NULL_CONVERSION = YES;
				CLANG_WARN_OBJC_IMPLICIT_RETAIN_SELF = YES;
				CLANG_WARN_OBJC_LITERAL_CONVERSION = YES;
				CLANG_WARN_OBJC_ROOT_CLASS = YES_ERROR;
				CLANG_WARN_RANGE_LOOP_ANALYSIS = YES;
				CLANG_WARN_STRICT_PROTOTYPES = YES;
				CLANG_WARN_SUSPICIOUS_MOVE = YES;
				CLANG_WARN_UNGUARDED_AVAILABILITY = YES_AGGRESSIVE;
				CLANG_WARN_UNREACHABLE_CODE = YES;
				CLANG_WARN__DUPLICATE_METHOD_MATCH = YES;
				COPY_PHASE_STRIP = NO;
				CURRENT_PROJECT_VERSION = 1;
				DEBUG_INFORMATION_FORMAT = "dwarf-with-dsym";
				ENABLE_NS_ASSERTIONS = NO;
				ENABLE_STRICT_OBJC_MSGSEND = YES;
				GCC_C_LANGUAGE_STANDARD = gnu11;
				GCC_NO_COMMON_BLOCKS = YES;
				GCC_WARN_64_TO_32_BIT_CONVERSION = YES;
				GCC_WARN_ABOUT_RETURN_TYPE = YES_ERROR;
				GCC_WARN_UNDECLARED_SELECTOR = YES;
				GCC_WARN_UNINITIALIZED_AUTOS = YES_AGGRESSIVE;
				GCC_WARN_UNUSED_FUNCTION = YES;
				GCC_WARN_UNUSED_VARIABLE = YES;
				IPHONEOS_DEPLOYMENT_TARGET = 13.0;
				MTL_ENABLE_DEBUG_INFO = NO;
				MTL_FAST_MATH = YES;
				SDKROOT = iphoneos;
				SWIFT_COMPILATION_MODE = wholemodule;
				SWIFT_OPTIMIZATION_LEVEL = "-O";
				VALIDATE_PRODUCT = YES;
				VERSIONING_SYSTEM = "apple-generic";
				VERSION_INFO_PREFIX = "";
			};
			name = Release;
		};
		D59CBCA222D408E9009ED4C2 /* Debug */ = {
			isa = XCBuildConfiguration;
			buildSettings = {
				BUILD_LIBRARY_FOR_DISTRIBUTION = YES;
				CODE_SIGN_STYLE = Automatic;
				DEFINES_MODULE = YES;
				DEVELOPMENT_TEAM = 8F4NZ9TY3N;
				DYLIB_COMPATIBILITY_VERSION = 1;
				DYLIB_CURRENT_VERSION = 1;
				DYLIB_INSTALL_NAME_BASE = "@rpath";
				INFOPLIST_FILE = ZerzuraKit/Info.plist;
				INSTALL_PATH = "$(LOCAL_LIBRARY_DIR)/Frameworks";
				IPHONEOS_DEPLOYMENT_TARGET = 12.0;
				LD_RUNPATH_SEARCH_PATHS = (
					"$(inherited)",
					"@executable_path/Frameworks",
					"@loader_path/Frameworks",
				);
				ONLY_ACTIVE_ARCH = NO;
				PRODUCT_BUNDLE_IDENTIFIER = mesarthim.ZerzuraKit;
				PRODUCT_NAME = "$(TARGET_NAME:c99extidentifier)";
				SKIP_INSTALL = NO;
				SWIFT_VERSION = 5.0;
				TARGETED_DEVICE_FAMILY = "1,2";
			};
			name = Debug;
		};
		D59CBCA322D408E9009ED4C2 /* Release */ = {
			isa = XCBuildConfiguration;
			buildSettings = {
				BUILD_LIBRARY_FOR_DISTRIBUTION = YES;
				CODE_SIGN_STYLE = Automatic;
				DEFINES_MODULE = YES;
				DEVELOPMENT_TEAM = 8F4NZ9TY3N;
				DYLIB_COMPATIBILITY_VERSION = 1;
				DYLIB_CURRENT_VERSION = 1;
				DYLIB_INSTALL_NAME_BASE = "@rpath";
				INFOPLIST_FILE = ZerzuraKit/Info.plist;
				INSTALL_PATH = "$(LOCAL_LIBRARY_DIR)/Frameworks";
				IPHONEOS_DEPLOYMENT_TARGET = 12.0;
				LD_RUNPATH_SEARCH_PATHS = (
					"$(inherited)",
					"@executable_path/Frameworks",
					"@loader_path/Frameworks",
				);
				ONLY_ACTIVE_ARCH = NO;
				PRODUCT_BUNDLE_IDENTIFIER = mesarthim.ZerzuraKit;
				PRODUCT_NAME = "$(TARGET_NAME:c99extidentifier)";
				SKIP_INSTALL = NO;
				SWIFT_VERSION = 5.0;
				TARGETED_DEVICE_FAMILY = "1,2";
			};
			name = Release;
		};
		D59CBCAE22D40A82009ED4C2 /* Debug */ = {
			isa = XCBuildConfiguration;
			buildSettings = {
				BUILD_LIBRARY_FOR_DISTRIBUTION = YES;
				CODE_SIGN_STYLE = Automatic;
				COMBINE_HIDPI_IMAGES = YES;
				DEFINES_MODULE = YES;
				DEVELOPMENT_TEAM = 8F4NZ9TY3N;
				DYLIB_COMPATIBILITY_VERSION = 1;
				DYLIB_CURRENT_VERSION = 1;
				DYLIB_INSTALL_NAME_BASE = "@rpath";
				INFOPLIST_FILE = "ZerzuraKit-macOS/Info.plist";
				INSTALL_PATH = "$(LOCAL_LIBRARY_DIR)/Frameworks";
				LD_RUNPATH_SEARCH_PATHS = (
					"$(inherited)",
					"@executable_path/../Frameworks",
					"@loader_path/Frameworks",
				);
				MACOSX_DEPLOYMENT_TARGET = 10.14;
				ONLY_ACTIVE_ARCH = NO;
				PRODUCT_BUNDLE_IDENTIFIER = "mesarthim.ZerzuraKit-macOS";
				PRODUCT_NAME = "$(TARGET_NAME:c99extidentifier)";
				SDKROOT = macosx;
				SKIP_INSTALL = NO;
				SWIFT_VERSION = 5.0;
			};
			name = Debug;
		};
		D59CBCAF22D40A82009ED4C2 /* Release */ = {
			isa = XCBuildConfiguration;
			buildSettings = {
				BUILD_LIBRARY_FOR_DISTRIBUTION = YES;
				CODE_SIGN_STYLE = Automatic;
				COMBINE_HIDPI_IMAGES = YES;
				DEFINES_MODULE = YES;
				DEVELOPMENT_TEAM = 8F4NZ9TY3N;
				DYLIB_COMPATIBILITY_VERSION = 1;
				DYLIB_CURRENT_VERSION = 1;
				DYLIB_INSTALL_NAME_BASE = "@rpath";
				INFOPLIST_FILE = "ZerzuraKit-macOS/Info.plist";
				INSTALL_PATH = "$(LOCAL_LIBRARY_DIR)/Frameworks";
				LD_RUNPATH_SEARCH_PATHS = (
					"$(inherited)",
					"@executable_path/../Frameworks",
					"@loader_path/Frameworks",
				);
				MACOSX_DEPLOYMENT_TARGET = 10.14;
				ONLY_ACTIVE_ARCH = NO;
				PRODUCT_BUNDLE_IDENTIFIER = "mesarthim.ZerzuraKit-macOS";
				PRODUCT_NAME = "$(TARGET_NAME:c99extidentifier)";
				SDKROOT = macosx;
				SKIP_INSTALL = NO;
				SWIFT_VERSION = 5.0;
			};
			name = Release;
		};
		D59CBCB322D40AA3009ED4C2 /* Debug */ = {
			isa = XCBuildConfiguration;
			buildSettings = {
				BUILD_LIBRARY_FOR_DISTRIBUTION = YES;
				CODE_SIGN_STYLE = Automatic;
				DEVELOPMENT_TEAM = 8F4NZ9TY3N;
				ONLY_ACTIVE_ARCH = NO;
				PRODUCT_NAME = "$(TARGET_NAME)";
				SKIP_INSTALL = NO;
			};
			name = Debug;
		};
		D59CBCB422D40AA3009ED4C2 /* Release */ = {
			isa = XCBuildConfiguration;
			buildSettings = {
				BUILD_LIBRARY_FOR_DISTRIBUTION = YES;
				CODE_SIGN_STYLE = Automatic;
				DEVELOPMENT_TEAM = 8F4NZ9TY3N;
				PRODUCT_NAME = "$(TARGET_NAME)";
				SKIP_INSTALL = NO;
			};
			name = Release;
		};
/* End XCBuildConfiguration section */

/* Begin XCConfigurationList section */
		D59CBC9322D408E9009ED4C2 /* Build configuration list for PBXProject "ZerzuraKit" */ = {
			isa = XCConfigurationList;
			buildConfigurations = (
				D59CBC9F22D408E9009ED4C2 /* Debug */,
				D59CBCA022D408E9009ED4C2 /* Release */,
			);
			defaultConfigurationIsVisible = 0;
			defaultConfigurationName = Release;
		};
		D59CBCA122D408E9009ED4C2 /* Build configuration list for PBXNativeTarget "ZerzuraKit" */ = {
			isa = XCConfigurationList;
			buildConfigurations = (
				D59CBCA222D408E9009ED4C2 /* Debug */,
				D59CBCA322D408E9009ED4C2 /* Release */,
			);
			defaultConfigurationIsVisible = 0;
			defaultConfigurationName = Release;
		};
		D59CBCB022D40A82009ED4C2 /* Build configuration list for PBXNativeTarget "ZerzuraKit-macOS" */ = {
			isa = XCConfigurationList;
			buildConfigurations = (
				D59CBCAE22D40A82009ED4C2 /* Debug */,
				D59CBCAF22D40A82009ED4C2 /* Release */,
			);
			defaultConfigurationIsVisible = 0;
			defaultConfigurationName = Release;
		};
		D59CBCB222D40AA3009ED4C2 /* Build configuration list for PBXAggregateTarget "ZerzuraKit-Universal" */ = {
			isa = XCConfigurationList;
			buildConfigurations = (
				D59CBCB322D40AA3009ED4C2 /* Debug */,
				D59CBCB422D40AA3009ED4C2 /* Release */,
			);
			defaultConfigurationIsVisible = 0;
			defaultConfigurationName = Release;
		};
/* End XCConfigurationList section */
	};
	rootObject = D59CBC9022D408E9009ED4C2 /* Project object */;
}
